<?xml version="1.0" encoding="utf-8"?>
<Project ToolsVersion="4.0" xmlns="http://schemas.microsoft.com/developer/msbuild/2003">
  <ItemGroup>
    <ClCompile Include="source\Windows\WindowsManager.cpp">
      <Filter>Shader\Windows</Filter>
    </ClCompile>
    <ClCompile Include="source\DirectX\DirectX11Manager.cpp">
      <Filter>DirectX</Filter>
    </ClCompile>
    <ClCompile Include="source\DirectX\TextureLoader\WICTextureLoader.cpp">
      <Filter>DirectX\TextureLoader</Filter>
    </ClCompile>
    <ClCompile Include="source\DirectX\math\HelperFunction.cpp">
      <Filter>DirectX\Math</Filter>
    </ClCompile>
    <ClCompile Include="source\core\FpsManager.cpp">
      <Filter>core</Filter>
    </ClCompile>
    <ClCompile Include="source\core\GameLoopManager.cpp">
      <Filter>core</Filter>
    </ClCompile>
    <ClCompile Include="source\core\Object\Object.cpp">
      <Filter>core\Object</Filter>
    </ClCompile>
    <ClCompile Include="source\core\Scene\SceneManager.cpp">
      <Filter>core\Scene</Filter>
    </ClCompile>
    <ClCompile Include="source\core\Scene\BaseScene.cpp">
      <Filter>core\Scene</Filter>
    </ClCompile>
    <ClCompile Include="source\core\Component\Camera\CameraComponent.cpp">
      <Filter>core\Component\Camera</Filter>
    </ClCompile>
    <ClCompile Include="source\core\Component\PostEffect\BasePostEffectComponent.cpp">
      <Filter>core\Component\PostEffect</Filter>
    </ClCompile>
    <ClCompile Include="source\core\Component\Camera\base\BaseCameraComponent.cpp">
      <Filter>core\Component\Camera\base</Filter>
    </ClCompile>
    <ClCompile Include="source\core\Component\Light\base\BaseLightComponent.cpp">
      <Filter>core\Component\Light\base</Filter>
    </ClCompile>
    <ClCompile Include="source\Shader\Shader.cpp">
      <Filter>Shader</Filter>
    </ClCompile>
    <ClCompile Include="source\DepseBufferRender2DGameObject.cpp">
      <Filter>other</Filter>
    </ClCompile>
    <ClCompile Include="source\GameObjectManager.cpp">
      <Filter>other</Filter>
    </ClCompile>
    <ClCompile Include="source\MyDirectXMath.cpp">
      <Filter>other</Filter>
    </ClCompile>
    <ClCompile Include="source\TestScene.cpp">
      <Filter>other</Filter>
    </ClCompile>
    <ClCompile Include="source\main.cpp" />
    <ClCompile Include="source\Renderer\RenderObject.cpp">
      <Filter>Renderer</Filter>
    </ClCompile>
    <ClCompile Include="source\DirectX\SubResourceSendManager.cpp">
      <Filter>DirectX</Filter>
    </ClCompile>
    <ClCompile Include="source\DirectX\DirectXRenderManager.cpp">
      <Filter>DirectX\Object</Filter>
    </ClCompile>
    <ClCompile Include="source\DirectX\DirectXRenderTerget.cpp">
      <Filter>DirectX</Filter>
    </ClCompile>
    <ClCompile Include="source\Renderer\RenderTerget.cpp">
      <Filter>Renderer</Filter>
    </ClCompile>
    <ClCompile Include="source\Shader\ShaderCompiler.cpp">
      <Filter>Shader</Filter>
    </ClCompile>
    <ClCompile Include="source\Renderer\Render.cpp">
      <Filter>Renderer</Filter>
    </ClCompile>
    <ClCompile Include="source\DirectX\DirectXPipeline.cpp">
      <Filter>DirectX</Filter>
    </ClCompile>
    <ClCompile Include="source\AssetManager\TextureLoader.cpp">
      <Filter>Asset</Filter>
    </ClCompile>
    <ClCompile Include="source\core\Component\Render\RenderComponent.cpp">
      <Filter>core\Component\Render</Filter>
    </ClCompile>
    <ClCompile Include="source\core\Component\Render\Render2DComponent.cpp">
      <Filter>core\Component\Render</Filter>
    </ClCompile>
    <ClCompile Include="source\AssetManager\MeshLoader.cpp">
      <Filter>Asset</Filter>
    </ClCompile>
    <ClCompile Include="source\Renderer\PostEffect.cpp">
      <Filter>Renderer</Filter>
    </ClCompile>
    <ClCompile Include="source\Renderer\PostEffectBase.cpp">
      <Filter>Renderer</Filter>
    </ClCompile>
    <ClCompile Include="source\Renderer\DirectXPostEffect.cpp">
      <Filter>DirectX</Filter>
    </ClCompile>
    <ClCompile Include="source\core\Component\Light\DirectionalLightComponent.cpp">
      <Filter>core\Component\Light</Filter>
    </ClCompile>
    <ClCompile Include="source\core\Component\Camera\ShadowMapCameraComponent.cpp">
      <Filter>core\Component\Camera</Filter>
    </ClCompile>
    <ClCompile Include="source\core\JobSystem\JobSystemManager.cpp">
      <Filter>core\JobSystem</Filter>
    </ClCompile>
    <ClCompile Include="source\core\Thread\Thread.cpp">
      <Filter>core\thread</Filter>
    </ClCompile>
    <ClCompile Include="source\core\JobSystem\JobLine.cpp">
      <Filter>core\JobSystem</Filter>
    </ClCompile>
    <ClCompile Include="source\DirectX\DirectInput\DirectXInput.cpp">
      <Filter>DirectX\DirectInput</Filter>
    </ClCompile>
    <ClCompile Include="source\core\Input\Input.cpp">
      <Filter>Input</Filter>
    </ClCompile>
    <ClCompile Include="source\origne\GameObjectGround.cpp">
      <Filter>origne</Filter>
    </ClCompile>
    <ClCompile Include="source\origne\GameObjectLight.cpp">
      <Filter>origne</Filter>
    </ClCompile>
    <ClCompile Include="source\TestGameObject.cpp">
      <Filter>origne</Filter>
    </ClCompile>
    <ClCompile Include="source\origne\Player\GameObject\PlayerGameObject.cpp">
      <Filter>origne\Player\GameObject</Filter>
    </ClCompile>
    <ClCompile Include="source\origne\Player\Component\PlayerRgiComponent.cpp">
      <Filter>origne\Player\Component</Filter>
    </ClCompile>
    <ClCompile Include="source\origne\RPGManager\GameObject\RpgManagerGameObject.cpp">
      <Filter>origne\RPGManager\GameObject</Filter>
    </ClCompile>
    <ClCompile Include="source\origne\RPGManager\Component\RpgManagerComponent.cpp">
      <Filter>origne\RPGManager\Component</Filter>
    </ClCompile>
    <ClCompile Include="source\AssetManager\MaterialLoader.cpp">
      <Filter>Asset</Filter>
    </ClCompile>
    <ClCompile Include="source\AssetManager\ShaderLoader.cpp">
      <Filter>Asset</Filter>
    </ClCompile>
    <ClCompile Include="source\ImGui\imgui.cpp">
      <Filter>Imgui</Filter>
    </ClCompile>
    <ClCompile Include="source\ImGui\imgui_demo.cpp">
      <Filter>Imgui</Filter>
    </ClCompile>
    <ClCompile Include="source\ImGui\imgui_draw.cpp">
      <Filter>Imgui</Filter>
    </ClCompile>
    <ClCompile Include="source\ImGui\imgui_impl_dx11.cpp">
      <Filter>Imgui</Filter>
    </ClCompile>
    <ClCompile Include="source\ImGui\imgui_impl_win32.cpp">
      <Filter>Imgui</Filter>
    </ClCompile>
    <ClCompile Include="source\ImGui\imgui_widgets.cpp">
      <Filter>Imgui</Filter>
    </ClCompile>
    <ClCompile Include="source\ImGui\ImGuiManager.cpp">
      <Filter>Imgui</Filter>
    </ClCompile>
    <ClCompile Include="source\Assimp\AssimpScene.cpp">
      <Filter>Assimp</Filter>
    </ClCompile>
    <ClCompile Include="source\Assimp\AssimpAnimation.cpp">
      <Filter>Assimp</Filter>
    </ClCompile>
    <ClCompile Include="source\Renderer\Mesh.cpp">
      <Filter>Renderer</Filter>
    </ClCompile>
    <ClCompile Include="source\DirectX\DirectXMesh.cpp">
      <Filter>DirectX</Filter>
    </ClCompile>
    <ClCompile Include="source\Renderer\Model.cpp">
      <Filter>Renderer</Filter>
    </ClCompile>
    <ClCompile Include="source\AssetManager\ModelLoader.cpp">
      <Filter>Asset</Filter>
    </ClCompile>
    <ClCompile Include="source\core\Component\Render\ModelRenderComponent.cpp">
      <Filter>core\Component\Render</Filter>
    </ClCompile>
    <ClCompile Include="source\DirectX\DirectXTexture.cpp">
      <Filter>DirectX</Filter>
    </ClCompile>
    <ClCompile Include="source\Renderer\Texture.cpp">
      <Filter>Renderer</Filter>
    </ClCompile>
    <ClCompile Include="source\DirectX\DirectXMaterial.cpp">
      <Filter>DirectX</Filter>
    </ClCompile>
    <ClCompile Include="source\Renderer\Material.cpp">
      <Filter>Renderer</Filter>
    </ClCompile>
    <ClCompile Include="source\origne\Fead\FeadComponent.cpp">
      <Filter>Renderer</Filter>
    </ClCompile>
    <ClCompile Include="source\origne\Scene\TitleScene.cpp">
      <Filter>origne\Scene</Filter>
    </ClCompile>
    <ClCompile Include="source\origne\Camera\HaveCameraGameObject.cpp">
      <Filter>origne\Camera</Filter>
    </ClCompile>
    <ClCompile Include="source\origne\Scene\FieldScene.cpp">
      <Filter>origne\Scene</Filter>
    </ClCompile>
    <ClCompile Include="source\origne\Scene\BattleScene.cpp">
      <Filter>origne\Scene</Filter>
    </ClCompile>
    <ClCompile Include="source\origne\Title\TitleSceneManagerGameObject.cpp">
      <Filter>origne\Title</Filter>
    </ClCompile>
    <ClCompile Include="source\origne\Field\FieldManager.cpp">
      <Filter>origne\Field</Filter>
    </ClCompile>
  </ItemGroup>
  <ItemGroup>
    <Filter Include="core">
      <UniqueIdentifier>{7f78e4ff-722c-4989-b9ab-1b98ae615045}</UniqueIdentifier>
    </Filter>
    <Filter Include="DirectX">
      <UniqueIdentifier>{756ada3f-74d2-42b5-8ba4-02ef41be7329}</UniqueIdentifier>
    </Filter>
    <Filter Include="DirectX\TextureLoader">
      <UniqueIdentifier>{bfaa0250-c7ca-412e-85f2-33561cad7e00}</UniqueIdentifier>
    </Filter>
    <Filter Include="DirectX\Math">
      <UniqueIdentifier>{92f22e73-19c7-469a-b7af-edf1cd1cf7c5}</UniqueIdentifier>
    </Filter>
    <Filter Include="core\Object">
      <UniqueIdentifier>{ac81cba7-4195-44f1-bc11-98b5f913cfe1}</UniqueIdentifier>
    </Filter>
    <Filter Include="core\Component">
      <UniqueIdentifier>{b2695adb-99a6-4230-94fd-77de4ba6e74a}</UniqueIdentifier>
    </Filter>
    <Filter Include="core\DesignPattern">
      <UniqueIdentifier>{1c101cd8-0574-4b37-a91b-a3a12eac529a}</UniqueIdentifier>
    </Filter>
    <Filter Include="core\Scene">
      <UniqueIdentifier>{86795868-4508-4f47-be61-2cf947e5f39d}</UniqueIdentifier>
    </Filter>
    <Filter Include="core\Component\Camera">
      <UniqueIdentifier>{e8b31c22-4dc2-4b4d-b6c4-504926a97989}</UniqueIdentifier>
    </Filter>
    <Filter Include="core\Component\Light">
      <UniqueIdentifier>{32538d51-26c5-47ca-b81f-3cba6e41ae66}</UniqueIdentifier>
    </Filter>
    <Filter Include="core\Component\PostEffect">
      <UniqueIdentifier>{f2c714ed-d490-4740-a113-080931b4142a}</UniqueIdentifier>
    </Filter>
    <Filter Include="core\Component\Render">
      <UniqueIdentifier>{9a2f3093-983c-41dd-8b42-4dd4ee585b22}</UniqueIdentifier>
    </Filter>
    <Filter Include="core\Component\Camera\base">
      <UniqueIdentifier>{9b826006-e155-43b6-9b51-db2528f5850d}</UniqueIdentifier>
    </Filter>
    <Filter Include="core\Component\Light\base">
      <UniqueIdentifier>{e90a728e-706e-419a-821a-c9150d81c2f9}</UniqueIdentifier>
    </Filter>
    <Filter Include="Renderer">
      <UniqueIdentifier>{141f8b30-68fb-4eb0-afdd-0c3b1141e368}</UniqueIdentifier>
    </Filter>
    <Filter Include="DirectX\Object">
      <UniqueIdentifier>{63ad00c8-ce2b-4c68-adda-c12b740d0baa}</UniqueIdentifier>
    </Filter>
    <Filter Include="core\Component\Mesh">
      <UniqueIdentifier>{2cfd55fd-8416-4c02-8f15-eb6689c1c67e}</UniqueIdentifier>
    </Filter>
    <Filter Include="origne">
      <UniqueIdentifier>{46b9fe4f-e6e4-447b-a914-813e2578f216}</UniqueIdentifier>
    </Filter>
    <Filter Include="core\JobSystem">
      <UniqueIdentifier>{6169e1c2-e0a5-4880-9eed-9552c3d014bb}</UniqueIdentifier>
    </Filter>
    <Filter Include="core\thread">
      <UniqueIdentifier>{f9e7777a-436a-4208-8d95-8a9b51e2f213}</UniqueIdentifier>
    </Filter>
    <Filter Include="other">
      <UniqueIdentifier>{d5a5efdb-b218-42bd-9740-07b8b1479b47}</UniqueIdentifier>
    </Filter>
    <Filter Include="Input">
      <UniqueIdentifier>{cdda6771-2b65-4046-96fc-c281934ee9ff}</UniqueIdentifier>
    </Filter>
    <Filter Include="DirectX\DirectInput">
      <UniqueIdentifier>{0044a1fa-d0f4-4ec7-ad4e-dd0ad29044e0}</UniqueIdentifier>
    </Filter>
    <Filter Include="origne\Enemy">
      <UniqueIdentifier>{4755efc3-9e91-4ce9-bc07-96175174e736}</UniqueIdentifier>
    </Filter>
    <Filter Include="origne\Player">
      <UniqueIdentifier>{f4f5ec31-a8f3-45a7-95c2-9da19b871ada}</UniqueIdentifier>
    </Filter>
    <Filter Include="origne\Player\GameObject">
      <UniqueIdentifier>{52a6f872-97da-4f2a-8c80-9a5dbaa9a26a}</UniqueIdentifier>
    </Filter>
    <Filter Include="origne\Player\Component">
      <UniqueIdentifier>{c08ad8a6-0329-4889-b7a5-0089b28164d1}</UniqueIdentifier>
    </Filter>
    <Filter Include="origne\Enemy\GameObject">
      <UniqueIdentifier>{8a62f5fb-2c99-4b87-bdc6-cf555e1a91be}</UniqueIdentifier>
    </Filter>
    <Filter Include="origne\Enemy\Component">
      <UniqueIdentifier>{d44f39bf-4cd0-4c0e-8f2a-a6dd1fa8dd68}</UniqueIdentifier>
    </Filter>
    <Filter Include="origne\RPGManager">
      <UniqueIdentifier>{151f3a14-ef2e-4270-85dc-fdad975582cb}</UniqueIdentifier>
    </Filter>
    <Filter Include="origne\RPGManager\Component">
      <UniqueIdentifier>{5f0bdb70-578b-4860-89bc-2194a065b0d2}</UniqueIdentifier>
    </Filter>
    <Filter Include="origne\RPGManager\GameObject">
      <UniqueIdentifier>{d94c82dd-681f-450b-ba65-bd332fe6f21b}</UniqueIdentifier>
    </Filter>
    <Filter Include="Assimp">
      <UniqueIdentifier>{45552691-278f-4dc2-8aed-83eac57a3c1d}</UniqueIdentifier>
    </Filter>
    <Filter Include="Asset">
      <UniqueIdentifier>{4712fd61-1eda-4075-b05e-c46fbeb316e0}</UniqueIdentifier>
    </Filter>
    <Filter Include="Imgui">
      <UniqueIdentifier>{5449e55e-b4c7-4431-b269-be5413de9792}</UniqueIdentifier>
    </Filter>
    <Filter Include="Renderer\base">
      <UniqueIdentifier>{5cee64c0-399b-4754-90b8-d2e6991b7574}</UniqueIdentifier>
    </Filter>
    <Filter Include="Shader">
      <UniqueIdentifier>{b0c99414-23be-4f5b-a34e-361c95d75bbf}</UniqueIdentifier>
    </Filter>
    <Filter Include="Shader\fx">
      <UniqueIdentifier>{adb6891d-473a-43a7-8ea4-f467dd62ab95}</UniqueIdentifier>
    </Filter>
    <Filter Include="Shader\fx\hader">
      <UniqueIdentifier>{f3da803f-3519-4780-875a-5b6e178fd004}</UniqueIdentifier>
    </Filter>
    <Filter Include="Shader\fx\defferd">
      <UniqueIdentifier>{d423da73-d9c7-4400-8e7a-8c5ebb51e815}</UniqueIdentifier>
    </Filter>
    <Filter Include="Shader\fx\geometry">
      <UniqueIdentifier>{8651c321-88ed-4935-bb8e-9ba05aa48ade}</UniqueIdentifier>
    </Filter>
    <Filter Include="Shader\Windows">
      <UniqueIdentifier>{4ec57b3b-f40e-4a02-9235-546e6c3bdd15}</UniqueIdentifier>
    </Filter>
    <Filter Include="origne\Scene">
      <UniqueIdentifier>{dbe69917-7449-456a-adfd-1ed201480b46}</UniqueIdentifier>
    </Filter>
    <Filter Include="origne\Title">
      <UniqueIdentifier>{1400c6fb-e4b0-4f67-9a08-4036ade520c8}</UniqueIdentifier>
    </Filter>
    <Filter Include="origne\Fade">
      <UniqueIdentifier>{359960d4-5e65-4379-b3c4-d30c06eb8cce}</UniqueIdentifier>
    </Filter>
    <Filter Include="origne\Camera">
      <UniqueIdentifier>{33ae85d2-16da-40a5-a1e0-68c5074f7b93}</UniqueIdentifier>
    </Filter>
    <Filter Include="origne\Field">
      <UniqueIdentifier>{324c112a-0c59-46ea-859c-50471d4ce3fd}</UniqueIdentifier>
    </Filter>
  </ItemGroup>
  <ItemGroup>
    <ClInclude Include="source\Windows\WindowsDefineData.h">
      <Filter>Shader\Windows</Filter>
    </ClInclude>
    <ClInclude Include="source\Windows\WindowsManager.h">
      <Filter>Shader\Windows</Filter>
    </ClInclude>
    <ClInclude Include="source\DirectX\Compointers.h">
      <Filter>DirectX</Filter>
    </ClInclude>
    <ClInclude Include="source\DirectX\DirectX11Manager.h">
      <Filter>DirectX</Filter>
    </ClInclude>
    <ClInclude Include="source\DirectX\TextureLoader\WICTextureLoader.h">
      <Filter>DirectX\TextureLoader</Filter>
    </ClInclude>
    <ClInclude Include="source\DirectX\math\HelperFunction.h">
      <Filter>DirectX\Math</Filter>
    </ClInclude>
    <ClInclude Include="source\core\base.h">
      <Filter>core</Filter>
    </ClInclude>
    <ClInclude Include="source\core\FpsManager.h">
      <Filter>core</Filter>
    </ClInclude>
    <ClInclude Include="source\core\GameLoopManager.h">
      <Filter>core</Filter>
    </ClInclude>
    <ClInclude Include="source\core\Object\object.h">
      <Filter>core\Object</Filter>
    </ClInclude>
    <ClInclude Include="source\core\Scene\basescene.h">
      <Filter>core\Scene</Filter>
    </ClInclude>
    <ClInclude Include="source\core\Scene\SceneManager.h">
      <Filter>core\Scene</Filter>
    </ClInclude>
    <ClInclude Include="source\core\DesignPattern\Singleton.h">
      <Filter>core\DesignPattern</Filter>
    </ClInclude>
    <ClInclude Include="source\core\Component\Camera\CameraComponent.h">
      <Filter>core\Component\Camera</Filter>
    </ClInclude>
    <ClInclude Include="source\core\Component\PostEffect\BasePostEffectComponent.h">
      <Filter>core\Component\PostEffect</Filter>
    </ClInclude>
    <ClInclude Include="source\core\Component\Camera\base\BaseCameraComponent.h">
      <Filter>core\Component\Camera\base</Filter>
    </ClInclude>
    <ClInclude Include="source\core\Component\Light\base\BaseLightComponent.h">
      <Filter>core\Component\Light\base</Filter>
    </ClInclude>
    <ClInclude Include="source\core\Component\Render\RenderComponent.h">
      <Filter>core\Component\Render</Filter>
    </ClInclude>
    <ClInclude Include="source\core\Component\Render\Render2DComponent.h">
      <Filter>core\Component\Render</Filter>
    </ClInclude>
    <ClInclude Include="source\Shader\Shader.h">
      <Filter>Shader</Filter>
    </ClInclude>
    <ClInclude Include="source\DepseBufferRender2DGameObject.h">
      <Filter>other</Filter>
    </ClInclude>
    <ClInclude Include="source\GameObjectManager.h">
      <Filter>other</Filter>
    </ClInclude>
    <ClInclude Include="source\MyDirectXMath.h">
      <Filter>other</Filter>
    </ClInclude>
    <ClInclude Include="source\RenderLayer.h">
      <Filter>other</Filter>
    </ClInclude>
    <ClInclude Include="source\TestScene.h">
      <Filter>other</Filter>
    </ClInclude>
    <ClInclude Include="source\main.h" />
    <ClInclude Include="source\Renderer\RenderObject.h">
      <Filter>Renderer</Filter>
    </ClInclude>
    <ClInclude Include="source\Renderer\PostEffect.h">
      <Filter>Renderer</Filter>
    </ClInclude>
    <ClInclude Include="source\DirectX\SubResourceSendManager.h">
      <Filter>DirectX</Filter>
    </ClInclude>
    <ClInclude Include="source\core\DesignPattern\FarmBase.h">
      <Filter>core\DesignPattern</Filter>
    </ClInclude>
    <ClInclude Include="source\AssetManager\AssetManager.h">
      <Filter>Asset</Filter>
    </ClInclude>
    <ClInclude Include="source\DirectX\DirectXRenderManager.h">
      <Filter>DirectX\Object</Filter>
    </ClInclude>
    <ClInclude Include="source\DirectX\DirectXRenderTerget.h">
      <Filter>DirectX</Filter>
    </ClInclude>
    <ClInclude Include="source\Renderer\RenderTerget.h">
      <Filter>Renderer</Filter>
    </ClInclude>
    <ClInclude Include="source\Shader\ShaderCompiler.h">
      <Filter>Shader</Filter>
    </ClInclude>
    <ClInclude Include="source\Renderer\Render.h">
      <Filter>Renderer</Filter>
    </ClInclude>
    <ClInclude Include="source\DirectX\DirectXPipeline.h">
      <Filter>DirectX</Filter>
    </ClInclude>
    <ClInclude Include="source\AssetManager\TextureLoader.h">
      <Filter>Asset</Filter>
    </ClInclude>
    <ClInclude Include="source\core\Component\Mesh\MeshComponent.h">
      <Filter>core\Component\Mesh</Filter>
    </ClInclude>
    <ClInclude Include="source\AssetManager\MeshLoader.h">
      <Filter>Asset</Filter>
    </ClInclude>
    <ClInclude Include="source\Renderer\PostEffectBase.h">
      <Filter>Renderer</Filter>
    </ClInclude>
    <ClInclude Include="source\Renderer\DirectXPostEffect.h">
      <Filter>DirectX</Filter>
    </ClInclude>
    <ClInclude Include="source\core\Component\Light\DirectionalLightComponent.h">
      <Filter>core\Component\Light</Filter>
    </ClInclude>
    <ClInclude Include="source\core\Component\Light\PointLightComponent.h">
      <Filter>core\Component\Light</Filter>
    </ClInclude>
    <ClInclude Include="source\core\Component\Light\SpotLightComponent.h">
      <Filter>core\Component\Light</Filter>
    </ClInclude>
    <ClInclude Include="source\core\Component\Camera\ShadowMapCameraComponent.h">
      <Filter>core\Component\Camera</Filter>
    </ClInclude>
    <ClInclude Include="source\core\JobSystem\JobSystemManager.h">
      <Filter>core\JobSystem</Filter>
    </ClInclude>
    <ClInclude Include="source\core\Thread\Thread.h">
      <Filter>core\thread</Filter>
    </ClInclude>
    <ClInclude Include="source\core\Thread\ThreadAffinity.h">
      <Filter>core\thread</Filter>
    </ClInclude>
    <ClInclude Include="source\core\JobSystem\JobLine.h">
      <Filter>core\JobSystem</Filter>
    </ClInclude>
    <ClInclude Include="source\AssetManager\MeshPrimitive.h">
      <Filter>Asset</Filter>
    </ClInclude>
    <ClInclude Include="source\DirectX\DirectInput\DirectXInput.h">
      <Filter>DirectX\DirectInput</Filter>
    </ClInclude>
    <ClInclude Include="source\core\Input\Input.h">
      <Filter>Input</Filter>
    </ClInclude>
    <ClInclude Include="source\origne\GameObjectGround.h">
      <Filter>origne</Filter>
    </ClInclude>
    <ClInclude Include="source\origne\GameObjectLight.h">
      <Filter>origne</Filter>
    </ClInclude>
    <ClInclude Include="source\TestGameObject.h">
      <Filter>origne</Filter>
    </ClInclude>
    <ClInclude Include="source\TestCompoent.h">
      <Filter>origne</Filter>
    </ClInclude>
    <ClInclude Include="source\origne\Player\GameObject\PlayerGameObject.h">
      <Filter>origne\Player\GameObject</Filter>
    </ClInclude>
    <ClInclude Include="source\origne\Player\Component\PlayerRgiComponent.h">
      <Filter>origne\Player\Component</Filter>
    </ClInclude>
    <ClInclude Include="source\origne\RPGManager\Component\RpgManagerComponent.h">
      <Filter>origne\RPGManager\Component</Filter>
    </ClInclude>
    <ClInclude Include="source\origne\RPGManager\GameObject\RpgManagerGameObject.h">
      <Filter>origne\RPGManager\GameObject</Filter>
    </ClInclude>
    <ClInclude Include="source\origne\Enemy\GameObject\EnemyGameObject.h">
      <Filter>origne\Enemy\GameObject</Filter>
    </ClInclude>
    <ClInclude Include="source\origne\Enemy\Component\EnemyComponent.h">
      <Filter>origne\Enemy\Component</Filter>
    </ClInclude>
    <ClInclude Include="source\Renderer\Pipeline.h">
      <Filter>Renderer</Filter>
    </ClInclude>
    <ClInclude Include="source\AssetManager\MaterialLoader.h">
      <Filter>Asset</Filter>
    </ClInclude>
    <ClInclude Include="source\AssetManager\ShaderLoader.h">
      <Filter>Asset</Filter>
    </ClInclude>
    <ClInclude Include="source\ImGui\imconfig.h">
      <Filter>Imgui</Filter>
    </ClInclude>
    <ClInclude Include="source\ImGui\imgui.h">
      <Filter>Imgui</Filter>
    </ClInclude>
    <ClInclude Include="source\ImGui\imgui_impl_dx11.h">
      <Filter>Imgui</Filter>
    </ClInclude>
    <ClInclude Include="source\ImGui\imgui_impl_win32.h">
      <Filter>Imgui</Filter>
    </ClInclude>
    <ClInclude Include="source\ImGui\imgui_internal.h">
      <Filter>Imgui</Filter>
    </ClInclude>
    <ClInclude Include="source\ImGui\ImGuiManager.h">
      <Filter>Imgui</Filter>
    </ClInclude>
    <ClInclude Include="source\Assimp\AssimpSecen.h">
      <Filter>Assimp</Filter>
    </ClInclude>
    <ClInclude Include="source\Assimp\AssimpAnimation.h">
      <Filter>Assimp</Filter>
    </ClInclude>
    <ClInclude Include="source\Renderer\Mesh.h">
      <Filter>Renderer</Filter>
    </ClInclude>
    <ClInclude Include="source\DirectX\DirectXMesh.h">
      <Filter>DirectX</Filter>
    </ClInclude>
    <ClInclude Include="source\Renderer\Model.h">
      <Filter>Renderer</Filter>
    </ClInclude>
    <ClInclude Include="source\AssetManager\ModelLoader.h">
      <Filter>Asset</Filter>
    </ClInclude>
    <ClInclude Include="source\core\Component\Render\ModelRenderComponent.h">
      <Filter>core\Component\Render</Filter>
    </ClInclude>
    <ClInclude Include="source\Renderer\BaseMesh.h">
      <Filter>Renderer\base</Filter>
    </ClInclude>
    <ClInclude Include="source\Renderer\BaseShader.h">
      <Filter>Renderer\base</Filter>
    </ClInclude>
    <ClInclude Include="source\Renderer\BaseTexture.h">
      <Filter>Renderer\base</Filter>
    </ClInclude>
    <ClInclude Include="source\Renderer\Texture.h">
      <Filter>Renderer</Filter>
    </ClInclude>
    <ClInclude Include="source\DirectX\DirectXTexture.h">
      <Filter>DirectX</Filter>
    </ClInclude>
    <ClInclude Include="source\origne\Scene\TitleScene.h">
      <Filter>origne\Scene</Filter>
    </ClInclude>
    <ClInclude Include="source\origne\Title\TitleSceneManagerGameObject.h">
      <Filter>origne\Title</Filter>
    </ClInclude>
    <ClInclude Include="source\origne\Fead\FeadComponent.h">
      <Filter>origne\Fade</Filter>
    </ClInclude>
    <ClInclude Include="source\Renderer\BaseMaterial.h">
      <Filter>Renderer\base</Filter>
    </ClInclude>
    <ClInclude Include="source\DirectX\DirectXMaterial.h">
      <Filter>DirectX</Filter>
    </ClInclude>
    <ClInclude Include="source\Renderer\MaterialData.h">
      <Filter>Renderer</Filter>
    </ClInclude>
    <ClInclude Include="source\Renderer\Material.h">
      <Filter>Renderer</Filter>
    </ClInclude>
    <ClInclude Include="source\origne\Camera\HaveCameraGameObject.h">
      <Filter>origne\Camera</Filter>
    </ClInclude>
    <ClInclude Include="source\origne\Scene\BattleScene.h">
      <Filter>origne\Scene</Filter>
    </ClInclude>
    <ClInclude Include="source\origne\Scene\FieldScene.h">
      <Filter>origne\Scene</Filter>
    </ClInclude>
    <ClInclude Include="source\origne\Field\FieldManager.h">
      <Filter>origne\Field</Filter>
    </ClInclude>
  </ItemGroup>
  <ItemGroup>
    <FxCompile Include="shader\BumpMapPS.fx">
      <Filter>Shader\fx</Filter>
    </FxCompile>
    <FxCompile Include="shader\BumpMapVS.fx">
      <Filter>Shader\fx</Filter>
    </FxCompile>
    <FxCompile Include="shader\ps.fx">
      <Filter>Shader\fx</Filter>
    </FxCompile>
    <FxCompile Include="shader\ps2d.fx">
      <Filter>Shader\fx</Filter>
    </FxCompile>
    <FxCompile Include="shader\psBlackout.fx">
      <Filter>Shader\fx</Filter>
    </FxCompile>
    <FxCompile Include="shader\PSGauss.fx">
      <Filter>Shader\fx</Filter>
    </FxCompile>
    <FxCompile Include="shader\psskydome.fx">
      <Filter>Shader\fx</Filter>
    </FxCompile>
    <FxCompile Include="shader\pstest.fx">
      <Filter>Shader\fx</Filter>
    </FxCompile>
    <FxCompile Include="shader\pstriangle.fx">
      <Filter>Shader\fx</Filter>
    </FxCompile>
    <FxCompile Include="shader\testps.fx">
      <Filter>Shader\fx</Filter>
    </FxCompile>
    <FxCompile Include="shader\testvs.fx">
      <Filter>Shader\fx</Filter>
    </FxCompile>
    <FxCompile Include="shader\vs.fx">
      <Filter>Shader\fx</Filter>
    </FxCompile>
    <FxCompile Include="shader\vs2d.fx">
      <Filter>Shader\fx</Filter>
    </FxCompile>
    <FxCompile Include="shader\VSGauss.fx">
      <Filter>Shader\fx</Filter>
    </FxCompile>
    <FxCompile Include="shader\vstriangle.fx">
      <Filter>Shader\fx</Filter>
    </FxCompile>
    <FxCompile Include="shader\psvscommon.fx">
      <Filter>Shader\fx\hader</Filter>
    </FxCompile>
    <FxCompile Include="shader\Base\vsRender2DBase.fx">
      <Filter>Shader\fx</Filter>
    </FxCompile>
    <FxCompile Include="shader\Base\psRender2DBase.fx">
      <Filter>Shader\fx</Filter>
    </FxCompile>
    <FxCompile Include="shader\psShadowMap.fx">
      <Filter>Shader\fx</Filter>
    </FxCompile>
    <FxCompile Include="shader\vsShadowMap.fx">
      <Filter>Shader\fx</Filter>
    </FxCompile>
    <FxCompile Include="shader\defferd\psDefferdNormal.fx">
      <Filter>Shader\fx\defferd</Filter>
    </FxCompile>
    <FxCompile Include="shader\pstoon.fx">
      <Filter>Shader\fx</Filter>
    </FxCompile>
    <FxCompile Include="shader\Geometry\gs.fx">
      <Filter>Shader\fx\geometry</Filter>
    </FxCompile>
    <FxCompile Include="shader\psfead.fx">
      <Filter>Shader\fx</Filter>
    </FxCompile>
  </ItemGroup>
</Project>